// !$*UTF8*$!
{
	archiveVersion = 1;
	classes = {
	};
	objectVersion = 56;
	objects = {

/* Begin PBXBuildFile section */
		A676A4782987873800E7C27D /* _______App.swift in Sources */ = {isa = PBXBuildFile; fileRef = A676A4772987873800E7C27D /* _______App.swift */; };
		A676A47A2987873800E7C27D /* ContentView.swift in Sources */ = {isa = PBXBuildFile; fileRef = A676A4792987873800E7C27D /* ContentView.swift */; };
		A676A47C2987873900E7C27D /* Assets.xcassets in Resources */ = {isa = PBXBuildFile; fileRef = A676A47B2987873900E7C27D /* Assets.xcassets */; };
		A676A48A2987873900E7C27D /* _______Tests.swift in Sources */ = {isa = PBXBuildFile; fileRef = A676A4892987873900E7C27D /* _______Tests.swift */; };
		A676A4942987873900E7C27D /* _______UITests.swift in Sources */ = {isa = PBXBuildFile; fileRef = A676A4932987873900E7C27D /* _______UITests.swift */; };
		A676A4962987873900E7C27D /* _______UITestsLaunchTests.swift in Sources */ = {isa = PBXBuildFile; fileRef = A676A4952987873900E7C27D /* _______UITestsLaunchTests.swift */; };
/* End PBXBuildFile section */

/* Begin PBXContainerItemProxy section */
		A676A4862987873900E7C27D /* PBXContainerItemProxy */ = {
			isa = PBXContainerItemProxy;
			containerPortal = A676A46C2987873800E7C27D /* Project object */;
			proxyType = 1;
			remoteGlobalIDString = A676A4732987873800E7C27D;
			remoteInfo = "鹅鸭杀角色助手";
		};
		A676A4902987873900E7C27D /* PBXContainerItemProxy */ = {
			isa = PBXContainerItemProxy;
			containerPortal = A676A46C2987873800E7C27D /* Project object */;
			proxyType = 1;
			remoteGlobalIDString = A676A4732987873800E7C27D;
			remoteInfo = "鹅鸭杀角色助手";
		};
/* End PBXContainerItemProxy section */

/* Begin PBXFileReference section */
		A637BC3D298D7D65008C55B5 /* --------Info.plist */ = {isa = PBXFileReference; lastKnownFileType = text.plist; path = "--------Info.plist"; sourceTree = SOURCE_ROOT; };
		A676A4742987873800E7C27D /* 鹅鸭杀角色助手.app */ = {isa = PBXFileReference; explicitFileType = wrapper.application; includeInIndex = 0; path = "鹅鸭杀角色助手.app"; sourceTree = BUILT_PRODUCTS_DIR; };
		A676A4772987873800E7C27D /* _______App.swift */ = {isa = PBXFileReference; lastKnownFileType = sourcecode.swift; path = "_______App.swift"; sourceTree = "<group>"; };
		A676A4792987873800E7C27D /* ContentView.swift */ = {isa = PBXFileReference; lastKnownFileType = sourcecode.swift; path = ContentView.swift; sourceTree = "<group>"; };
		A676A47B2987873900E7C27D /* Assets.xcassets */ = {isa = PBXFileReference; lastKnownFileType = folder.assetcatalog; path = Assets.xcassets; sourceTree = "<group>"; };
		A676A47D2987873900E7C27D /* _______.entitlements */ = {isa = PBXFileReference; lastKnownFileType = text.plist.entitlements; path = "_______.entitlements"; sourceTree = "<group>"; };
		A676A4852987873900E7C27D /* 鹅鸭杀角色助手Tests.xctest */ = {isa = PBXFileReference; explicitFileType = wrapper.cfbundle; includeInIndex = 0; path = "鹅鸭杀角色助手Tests.xctest"; sourceTree = BUILT_PRODUCTS_DIR; };
		A676A4892987873900E7C27D /* _______Tests.swift */ = {isa = PBXFileReference; lastKnownFileType = sourcecode.swift; path = "_______Tests.swift"; sourceTree = "<group>"; };
		A676A48F2987873900E7C27D /* 鹅鸭杀角色助手UITests.xctest */ = {isa = PBXFileReference; explicitFileType = wrapper.cfbundle; includeInIndex = 0; path = "鹅鸭杀角色助手UITests.xctest"; sourceTree = BUILT_PRODUCTS_DIR; };
		A676A4932987873900E7C27D /* _______UITests.swift */ = {isa = PBXFileReference; lastKnownFileType = sourcecode.swift; path = "_______UITests.swift"; sourceTree = "<group>"; };
		A676A4952987873900E7C27D /* _______UITestsLaunchTests.swift */ = {isa = PBXFileReference; lastKnownFileType = sourcecode.swift; path = "_______UITestsLaunchTests.swift"; sourceTree = "<group>"; };
/* End PBXFileReference section */

/* Begin PBXFrameworksBuildPhase section */
		A676A4712987873800E7C27D /* Frameworks */ = {
			isa = PBXFrameworksBuildPhase;
			buildActionMask = 2147483647;
			files = (
			);
			runOnlyForDeploymentPostprocessing = 0;
		};
		A676A4822987873900E7C27D /* Frameworks */ = {
			isa = PBXFrameworksBuildPhase;
			buildActionMask = 2147483647;
			files = (
			);
			runOnlyForDeploymentPostprocessing = 0;
		};
		A676A48C2987873900E7C27D /* Frameworks */ = {
			isa = PBXFrameworksBuildPhase;
			buildActionMask = 2147483647;
			files = (
			);
			runOnlyForDeploymentPostprocessing = 0;
		};
/* End PBXFrameworksBuildPhase section */

/* Begin PBXGroup section */
		A676A46B2987873800E7C27D = {
			isa = PBXGroup;
			children = (
				A676A4762987873800E7C27D /* 鹅鸭杀角色助手 */,
				A676A4882987873900E7C27D /* 鹅鸭杀角色助手Tests */,
				A676A4922987873900E7C27D /* 鹅鸭杀角色助手UITests */,
				A676A4752987873800E7C27D /* Products */,
			);
			sourceTree = "<group>";
		};
		A676A4752987873800E7C27D /* Products */ = {
			isa = PBXGroup;
			children = (
				A676A4742987873800E7C27D /* 鹅鸭杀角色助手.app */,
				A676A4852987873900E7C27D /* 鹅鸭杀角色助手Tests.xctest */,
				A676A48F2987873900E7C27D /* 鹅鸭杀角色助手UITests.xctest */,
			);
			name = Products;
			sourceTree = "<group>";
		};
		A676A4762987873800E7C27D /* 鹅鸭杀角色助手 */ = {
			isa = PBXGroup;
			children = (
				A637BC3D298D7D65008C55B5 /* --------Info.plist */,
				A676A4772987873800E7C27D /* _______App.swift */,
				A676A4792987873800E7C27D /* ContentView.swift */,
				A676A47B2987873900E7C27D /* Assets.xcassets */,
				A676A47D2987873900E7C27D /* _______.entitlements */,
			);
			path = "鹅鸭杀角色助手";
			sourceTree = "<group>";
		};
		A676A4882987873900E7C27D /* 鹅鸭杀角色助手Tests */ = {
			isa = PBXGroup;
			children = (
				A676A4892987873900E7C27D /* _______Tests.swift */,
			);
			path = "鹅鸭杀角色助手Tests";
			sourceTree = "<group>";
		};
		A676A4922987873900E7C27D /* 鹅鸭杀角色助手UITests */ = {
			isa = PBXGroup;
			children = (
				A676A4932987873900E7C27D /* _______UITests.swift */,
				A676A4952987873900E7C27D /* _______UITestsLaunchTests.swift */,
			);
			path = "鹅鸭杀角色助手UITests";
			sourceTree = "<group>";
		};
/* End PBXGroup section */

/* Begin PBXNativeTarget section */
		A676A4732987873800E7C27D /* 鹅鸭杀角色助手 */ = {
			isa = PBXNativeTarget;
			buildConfigurationList = A676A4992987873900E7C27D /* Build configuration list for PBXNativeTarget "鹅鸭杀角色助手" */;
			buildPhases = (
				A676A4702987873800E7C27D /* Sources */,
				A676A4712987873800E7C27D /* Frameworks */,
				A676A4722987873800E7C27D /* Resources */,
			);
			buildRules = (
			);
			dependencies = (
			);
			name = "鹅鸭杀角色助手";
			productName = "鹅鸭杀角色助手";
			productReference = A676A4742987873800E7C27D /* 鹅鸭杀角色助手.app */;
			productType = "com.apple.product-type.application";
		};
		A676A4842987873900E7C27D /* 鹅鸭杀角色助手Tests */ = {
			isa = PBXNativeTarget;
			buildConfigurationList = A676A49C2987873900E7C27D /* Build configuration list for PBXNativeTarget "鹅鸭杀角色助手Tests" */;
			buildPhases = (
				A676A4812987873900E7C27D /* Sources */,
				A676A4822987873900E7C27D /* Frameworks */,
				A676A4832987873900E7C27D /* Resources */,
			);
			buildRules = (
			);
			dependencies = (
				A676A4872987873900E7C27D /* PBXTargetDependency */,
			);
			name = "鹅鸭杀角色助手Tests";
			productName = "鹅鸭杀角色助手Tests";
			productReference = A676A4852987873900E7C27D /* 鹅鸭杀角色助手Tests.xctest */;
			productType = "com.apple.product-type.bundle.unit-test";
		};
		A676A48E2987873900E7C27D /* 鹅鸭杀角色助手UITests */ = {
			isa = PBXNativeTarget;
			buildConfigurationList = A676A49F2987873900E7C27D /* Build configuration list for PBXNativeTarget "鹅鸭杀角色助手UITests" */;
			buildPhases = (
				A676A48B2987873900E7C27D /* Sources */,
				A676A48C2987873900E7C27D /* Frameworks */,
				A676A48D2987873900E7C27D /* Resources */,
			);
			buildRules = (
			);
			dependencies = (
				A676A4912987873900E7C27D /* PBXTargetDependency */,
			);
			name = "鹅鸭杀角色助手UITests";
			productName = "鹅鸭杀角色助手UITests";
			productReference = A676A48F2987873900E7C27D /* 鹅鸭杀角色助手UITests.xctest */;
			productType = "com.apple.product-type.bundle.ui-testing";
		};
/* End PBXNativeTarget section */

/* Begin PBXProject section */
		A676A46C2987873800E7C27D /* Project object */ = {
			isa = PBXProject;
			attributes = {
				BuildIndependentTargetsInParallel = 1;
				LastSwiftUpdateCheck = 1420;
				LastUpgradeCheck = 1420;
				TargetAttributes = {
					A676A4732987873800E7C27D = {
						CreatedOnToolsVersion = 14.2;
					};
					A676A4842987873900E7C27D = {
						CreatedOnToolsVersion = 14.2;
						TestTargetID = A676A4732987873800E7C27D;
					};
					A676A48E2987873900E7C27D = {
						CreatedOnToolsVersion = 14.2;
						TestTargetID = A676A4732987873800E7C27D;
					};
				};
			};
			buildConfigurationList = A676A46F2987873800E7C27D /* Build configuration list for PBXProject "鹅鸭杀角色助手" */;
			compatibilityVersion = "Xcode 14.0";
			developmentRegion = en;
			hasScannedForEncodings = 0;
			knownRegions = (
				en,
				Base,
			);
			mainGroup = A676A46B2987873800E7C27D;
			productRefGroup = A676A4752987873800E7C27D /* Products */;
			projectDirPath = "";
			projectRoot = "";
			targets = (
				A676A4732987873800E7C27D /* 鹅鸭杀角色助手 */,
				A676A4842987873900E7C27D /* 鹅鸭杀角色助手Tests */,
				A676A48E2987873900E7C27D /* 鹅鸭杀角色助手UITests */,
			);
		};
/* End PBXProject section */

/* Begin PBXResourcesBuildPhase section */
		A676A4722987873800E7C27D /* Resources */ = {
			isa = PBXResourcesBuildPhase;
			buildActionMask = 2147483647;
			files = (
				A676A47C2987873900E7C27D /* Assets.xcassets in Resources */,
			);
			runOnlyForDeploymentPostprocessing = 0;
		};
		A676A4832987873900E7C27D /* Resources */ = {
			isa = PBXResourcesBuildPhase;
			buildActionMask = 2147483647;
			files = (
			);
			runOnlyForDeploymentPostprocessing = 0;
		};
		A676A48D2987873900E7C27D /* Resources */ = {
			isa = PBXResourcesBuildPhase;
			buildActionMask = 2147483647;
			files = (
			);
			runOnlyForDeploymentPostprocessing = 0;
		};
/* End PBXResourcesBuildPhase section */

/* Begin PBXSourcesBuildPhase section */
		A676A4702987873800E7C27D /* Sources */ = {
			isa = PBXSourcesBuildPhase;
			buildActionMask = 2147483647;
			files = (
				A676A47A2987873800E7C27D /* ContentView.swift in Sources */,
				A676A4782987873800E7C27D /* _______App.swift in Sources */,
			);
			runOnlyForDeploymentPostprocessing = 0;
		};
		A676A4812987873900E7C27D /* Sources */ = {
			isa = PBXSourcesBuildPhase;
			buildActionMask = 2147483647;
			files = (
				A676A48A2987873900E7C27D /* _______Tests.swift in Sources */,
			);
			runOnlyForDeploymentPostprocessing = 0;
		};
		A676A48B2987873900E7C27D /* Sources */ = {
			isa = PBXSourcesBuildPhase;
			buildActionMask = 2147483647;
			files = (
				A676A4962987873900E7C27D /* _______UITestsLaunchTests.swift in Sources */,
				A676A4942987873900E7C27D /* _______UITests.swift in Sources */,
			);
			runOnlyForDeploymentPostprocessing = 0;
		};
/* End PBXSourcesBuildPhase section */

/* Begin PBXTargetDependency section */
		A676A4872987873900E7C27D /* PBXTargetDependency */ = {
			isa = PBXTargetDependency;
			target = A676A4732987873800E7C27D /* 鹅鸭杀角色助手 */;
			targetProxy = A676A4862987873900E7C27D /* PBXContainerItemProxy */;
		};
		A676A4912987873900E7C27D /* PBXTargetDependency */ = {
			isa = PBXTargetDependency;
			target = A676A4732987873800E7C27D /* 鹅鸭杀角色助手 */;
			targetProxy = A676A4902987873900E7C27D /* PBXContainerItemProxy */;
		};
/* End PBXTargetDependency section */

/* Begin XCBuildConfiguration section */
		A676A4972987873900E7C27D /* Debug */ = {
			isa = XCBuildConfiguration;
			buildSettings = {
				ALWAYS_SEARCH_USER_PATHS = NO;
				CLANG_ANALYZER_NONNULL = YES;
				CLANG_ANALYZER_NUMBER_OBJECT_CONVERSION = YES_AGGRESSIVE;
				CLANG_CXX_LANGUAGE_STANDARD = "gnu++20";
				CLANG_ENABLE_MODULES = YES;
				CLANG_ENABLE_OBJC_ARC = YES;
				CLANG_ENABLE_OBJC_WEAK = YES;
				CLANG_WARN_BLOCK_CAPTURE_AUTORELEASING = YES;
				CLANG_WARN_BOOL_CONVERSION = YES;
				CLANG_WARN_COMMA = YES;
				CLANG_WARN_CONSTANT_CONVERSION = YES;
				CLANG_WARN_DEPRECATED_OBJC_IMPLEMENTATIONS = YES;
				CLANG_WARN_DIRECT_OBJC_ISA_USAGE = YES_ERROR;
				CLANG_WARN_DOCUMENTATION_COMMENTS = YES;
				CLANG_WARN_EMPTY_BODY = YES;
				CLANG_WARN_ENUM_CONVERSION = YES;
				CLANG_WARN_INFINITE_RECURSION = YES;
				CLANG_WARN_INT_CONVERSION = YES;
				CLANG_WARN_NON_LITERAL_NULL_CONVERSION = YES;
				CLANG_WARN_OBJC_IMPLICIT_RETAIN_SELF = YES;
				CLANG_WARN_OBJC_LITERAL_CONVERSION = YES;
				CLANG_WARN_OBJC_ROOT_CLASS = YES_ERROR;
				CLANG_WARN_QUOTED_INCLUDE_IN_FRAMEWORK_HEADER = YES;
				CLANG_WARN_RANGE_LOOP_ANALYSIS = YES;
				CLANG_WARN_STRICT_PROTOTYPES = YES;
				CLANG_WARN_SUSPICIOUS_MOVE = YES;
				CLANG_WARN_UNGUARDED_AVAILABILITY = YES_AGGRESSIVE;
				CLANG_WARN_UNREACHABLE_CODE = YES;
				CLANG_WARN__DUPLICATE_METHOD_MATCH = YES;
				COPY_PHASE_STRIP = NO;
				DEBUG_INFORMATION_FORMAT = dwarf;
				ENABLE_STRICT_OBJC_MSGSEND = YES;
				ENABLE_TESTABILITY = YES;
				GCC_C_LANGUAGE_STANDARD = gnu11;
				GCC_DYNAMIC_NO_PIC = NO;
				GCC_NO_COMMON_BLOCKS = YES;
				GCC_OPTIMIZATION_LEVEL = 0;
				GCC_PREPROCESSOR_DEFINITIONS = (
					"DEBUG=1",
					"$(inherited)",
				);
				GCC_WARN_64_TO_32_BIT_CONVERSION = YES;
				GCC_WARN_ABOUT_RETURN_TYPE = YES_ERROR;
				GCC_WARN_UNDECLARED_SELECTOR = YES;
				GCC_WARN_UNINITIALIZED_AUTOS = YES_AGGRESSIVE;
				GCC_WARN_UNUSED_FUNCTION = YES;
				GCC_WARN_UNUSED_VARIABLE = YES;
				MTL_ENABLE_DEBUG_INFO = INCLUDE_SOURCE;
				MTL_FAST_MATH = YES;
				ONLY_ACTIVE_ARCH = YES;
				SWIFT_ACTIVE_COMPILATION_CONDITIONS = DEBUG;
				SWIFT_OPTIMIZATION_LEVEL = "-Onone";
			};
			name = Debug;
		};
		A676A4982987873900E7C27D /* Release */ = {
			isa = XCBuildConfiguration;
			buildSettings = {
				ALWAYS_SEARCH_USER_PATHS = NO;
				CLANG_ANALYZER_NONNULL = YES;
				CLANG_ANALYZER_NUMBER_OBJECT_CONVERSION = YES_AGGRESSIVE;
				CLANG_CXX_LANGUAGE_STANDARD = "gnu++20";
				CLANG_ENABLE_MODULES = YES;
				CLANG_ENABLE_OBJC_ARC = YES;
				CLANG_ENABLE_OBJC_WEAK = YES;
				CLANG_WARN_BLOCK_CAPTURE_AUTORELEASING = YES;
				CLANG_WARN_BOOL_CONVERSION = YES;
				CLANG_WARN_COMMA = YES;
				CLANG_WARN_CONSTANT_CONVERSION = YES;
				CLANG_WARN_DEPRECATED_OBJC_IMPLEMENTATIONS = YES;
				CLANG_WARN_DIRECT_OBJC_ISA_USAGE = YES_ERROR;
				CLANG_WARN_DOCUMENTATION_COMMENTS = YES;
				CLANG_WARN_EMPTY_BODY = YES;
				CLANG_WARN_ENUM_CONVERSION = YES;
				CLANG_WARN_INFINITE_RECURSION = YES;
				CLANG_WARN_INT_CONVERSION = YES;
				CLANG_WARN_NON_LITERAL_NULL_CONVERSION = YES;
				CLANG_WARN_OBJC_IMPLICIT_RETAIN_SELF = YES;
				CLANG_WARN_OBJC_LITERAL_CONVERSION = YES;
				CLANG_WARN_OBJC_ROOT_CLASS = YES_ERROR;
				CLANG_WARN_QUOTED_INCLUDE_IN_FRAMEWORK_HEADER = YES;
				CLANG_WARN_RANGE_LOOP_ANALYSIS = YES;
				CLANG_WARN_STRICT_PROTOTYPES = YES;
				CLANG_WARN_SUSPICIOUS_MOVE = YES;
				CLANG_WARN_UNGUARDED_AVAILABILITY = YES_AGGRESSIVE;
				CLANG_WARN_UNREACHABLE_CODE = YES;
				CLANG_WARN__DUPLICATE_METHOD_MATCH = YES;
				COPY_PHASE_STRIP = NO;
				DEBUG_INFORMATION_FORMAT = "dwarf-with-dsym";
				ENABLE_NS_ASSERTIONS = NO;
				ENABLE_STRICT_OBJC_MSGSEND = YES;
				GCC_C_LANGUAGE_STANDARD = gnu11;
				GCC_NO_COMMON_BLOCKS = YES;
				GCC_WARN_64_TO_32_BIT_CONVERSION = YES;
				GCC_WARN_ABOUT_RETURN_TYPE = YES_ERROR;
				GCC_WARN_UNDECLARED_SELECTOR = YES;
				GCC_WARN_UNINITIALIZED_AUTOS = YES_AGGRESSIVE;
				GCC_WARN_UNUSED_FUNCTION = YES;
				GCC_WARN_UNUSED_VARIABLE = YES;
				MTL_ENABLE_DEBUG_INFO = NO;
				MTL_FAST_MATH = YES;
				SWIFT_COMPILATION_MODE = wholemodule;
				SWIFT_OPTIMIZATION_LEVEL = "-O";
			};
			name = Release;
		};
		A676A49A2987873900E7C27D /* Debug */ = {
			isa = XCBuildConfiguration;
			buildSettings = {
				ASSETCATALOG_COMPILER_APPICON_NAME = AppIcon;
				ASSETCATALOG_COMPILER_GLOBAL_ACCENT_COLOR_NAME = AccentColor;
				CODE_SIGN_ENTITLEMENTS = "鹅鸭杀角色助手/_______.entitlements";
				CODE_SIGN_STYLE = Automatic;
				CURRENT_PROJECT_VERSION = 1;
				DEVELOPMENT_ASSET_PATHS = "\"鹅鸭杀角色助手/Preview Content\"";
				DEVELOPMENT_TEAM = 87TA56MUWW;
				ENABLE_HARDENED_RUNTIME = YES;
				ENABLE_PREVIEWS = YES;
				GENERATE_INFOPLIST_FILE = YES;
				INFOPLIST_FILE = "--------Info.plist";
				"INFOPLIST_KEY_UIApplicationSceneManifest_Generation[sdk=iphoneos*]" = YES;
				"INFOPLIST_KEY_UIApplicationSceneManifest_Generation[sdk=iphonesimulator*]" = YES;
				"INFOPLIST_KEY_UIApplicationSupportsIndirectInputEvents[sdk=iphoneos*]" = YES;
				"INFOPLIST_KEY_UIApplicationSupportsIndirectInputEvents[sdk=iphonesimulator*]" = YES;
				"INFOPLIST_KEY_UILaunchScreen_Generation[sdk=iphoneos*]" = YES;
				"INFOPLIST_KEY_UILaunchScreen_Generation[sdk=iphonesimulator*]" = YES;
				INFOPLIST_KEY_UIRequiresFullScreen = YES;
				"INFOPLIST_KEY_UIStatusBarStyle[sdk=iphoneos*]" = UIStatusBarStyleDefault;
				"INFOPLIST_KEY_UIStatusBarStyle[sdk=iphonesimulator*]" = UIStatusBarStyleDefault;
				INFOPLIST_KEY_UISupportedInterfaceOrientations = UIInterfaceOrientationLandscapeRight;
				INFOPLIST_KEY_UISupportedInterfaceOrientations_iPad = "UIInterfaceOrientationLandscapeLeft UIInterfaceOrientationLandscapeRight";
				IPHONEOS_DEPLOYMENT_TARGET = 16.2;
				LD_RUNPATH_SEARCH_PATHS = "@executable_path/Frameworks";
				"LD_RUNPATH_SEARCH_PATHS[sdk=macosx*]" = "@executable_path/../Frameworks";
				MACOSX_DEPLOYMENT_TARGET = 12.6;
				MARKETING_VERSION = 1.0;
				PRODUCT_BUNDLE_IDENTIFIER = andysaikou2526;
				PRODUCT_NAME = "$(TARGET_NAME)";
				SDKROOT = auto;
				SUPPORTED_PLATFORMS = "iphoneos iphonesimulator";
				SUPPORTS_MACCATALYST = NO;
				SUPPORTS_MAC_DESIGNED_FOR_IPHONE_IPAD = NO;
				SWIFT_EMIT_LOC_STRINGS = YES;
				SWIFT_VERSION = 5.0;
				TARGETED_DEVICE_FAMILY = 2;
			};
			name = Debug;
		};
		A676A49B2987873900E7C27D /* Release */ = {
			isa = XCBuildConfiguration;
			buildSettings = {
				ASSETCATALOG_COMPILER_APPICON_NAME = AppIcon;
				ASSETCATALOG_COMPILER_GLOBAL_ACCENT_COLOR_NAME = AccentColor;
				CODE_SIGN_ENTITLEMENTS = "鹅鸭杀角色助手/_______.entitlements";
				CODE_SIGN_STYLE = Automatic;
				CURRENT_PROJECT_VERSION = 1;
				DEVELOPMENT_ASSET_PATHS = "\"鹅鸭杀角色助手/Preview Content\"";
				DEVELOPMENT_TEAM = 87TA56MUWW;
				ENABLE_HARDENED_RUNTIME = YES;
				ENABLE_PREVIEWS = YES;
				GENERATE_INFOPLIST_FILE = YES;
				INFOPLIST_FILE = "--------Info.plist";
				"INFOPLIST_KEY_UIApplicationSceneManifest_Generation[sdk=iphoneos*]" = YES;
				"INFOPLIST_KEY_UIApplicationSceneManifest_Generation[sdk=iphonesimulator*]" = YES;
				"INFOPLIST_KEY_UIApplicationSupportsIndirectInputEvents[sdk=iphoneos*]" = YES;
				"INFOPLIST_KEY_UIApplicationSupportsIndirectInputEvents[sdk=iphonesimulator*]" = YES;
				"INFOPLIST_KEY_UILaunchScreen_Generation[sdk=iphoneos*]" = YES;
				"INFOPLIST_KEY_UILaunchScreen_Generation[sdk=iphonesimulator*]" = YES;
				INFOPLIST_KEY_UIRequiresFullScreen = YES;
				"INFOPLIST_KEY_UIStatusBarStyle[sdk=iphoneos*]" = UIStatusBarStyleDefault;
				"INFOPLIST_KEY_UIStatusBarStyle[sdk=iphonesimulator*]" = UIStatusBarStyleDefault;
				INFOPLIST_KEY_UISupportedInterfaceOrientations = UIInterfaceOrientationLandscapeRight;
				INFOPLIST_KEY_UISupportedInterfaceOrientations_iPad = "UIInterfaceOrientationLandscapeLeft UIInterfaceOrientationLandscapeRight";
				IPHONEOS_DEPLOYMENT_TARGET = 16.2;
				LD_RUNPATH_SEARCH_PATHS = "@executable_path/Frameworks";
				"LD_RUNPATH_SEARCH_PATHS[sdk=macosx*]" = "@executable_path/../Frameworks";
				MACOSX_DEPLOYMENT_TARGET = 12.6;
				MARKETING_VERSION = 1.0;
				PRODUCT_BUNDLE_IDENTIFIER = andysaikou2526;
				PRODUCT_NAME = "$(TARGET_NAME)";
				SDKROOT = auto;
				SUPPORTED_PLATFORMS = "iphoneos iphonesimulator";
				SUPPORTS_MACCATALYST = NO;
				SUPPORTS_MAC_DESIGNED_FOR_IPHONE_IPAD = NO;
				SWIFT_EMIT_LOC_STRINGS = YES;
				SWIFT_VERSION = 5.0;
				TARGETED_DEVICE_FAMILY = 2;
			};
			name = Release;
		};
		A676A49D2987873900E7C27D /* Debug */ = {
			isa = XCBuildConfiguration;
			buildSettings = {
				ALWAYS_EMBED_SWIFT_STANDARD_LIBRARIES = YES;
				BUNDLE_LOADER = "$(TEST_HOST)";
				CODE_SIGN_STYLE = Automatic;
				CURRENT_PROJECT_VERSION = 1;
				DEVELOPMENT_TEAM = 87TA56MUWW;
				GENERATE_INFOPLIST_FILE = YES;
				IPHONEOS_DEPLOYMENT_TARGET = 16.2;
				MACOSX_DEPLOYMENT_TARGET = 12.6;
				MARKETING_VERSION = 1.0;
				PRODUCT_BUNDLE_IDENTIFIER = "Personal.-------Tests";
				PRODUCT_NAME = "$(TARGET_NAME)";
				SDKROOT = auto;
				SUPPORTED_PLATFORMS = "iphoneos iphonesimulator macosx";
				SWIFT_EMIT_LOC_STRINGS = NO;
				SWIFT_VERSION = 5.0;
				TARGETED_DEVICE_FAMILY = "1,2";
				TEST_HOST = "$(BUILT_PRODUCTS_DIR)/鹅鸭杀角色助手.app/$(BUNDLE_EXECUTABLE_FOLDER_PATH)/鹅鸭杀角色助手";
			};
			name = Debug;
		};
		A676A49E2987873900E7C27D /* Release */ = {
			isa = XCBuildConfiguration;
			buildSettings = {
				ALWAYS_EMBED_SWIFT_STANDARD_LIBRARIES = YES;
				BUNDLE_LOADER = "$(TEST_HOST)";
				CODE_SIGN_STYLE = Automatic;
				CURRENT_PROJECT_VERSION = 1;
				DEVELOPMENT_TEAM = 87TA56MUWW;
				GENERATE_INFOPLIST_FILE = YES;
				IPHONEOS_DEPLOYMENT_TARGET = 16.2;
				MACOSX_DEPLOYMENT_TARGET = 12.6;
				MARKETING_VERSION = 1.0;
				PRODUCT_BUNDLE_IDENTIFIER = "Personal.-------Tests";
				PRODUCT_NAME = "$(TARGET_NAME)";
				SDKROOT = auto;
				SUPPORTED_PLATFORMS = "iphoneos iphonesimulator macosx";
				SWIFT_EMIT_LOC_STRINGS = NO;
				SWIFT_VERSION = 5.0;
				TARGETED_DEVICE_FAMILY = "1,2";
				TEST_HOST = "$(BUILT_PRODUCTS_DIR)/鹅鸭杀角色助手.app/$(BUNDLE_EXECUTABLE_FOLDER_PATH)/鹅鸭杀角色助手";
			};
			name = Release;
		};
		A676A4A02987873900E7C27D /* Debug */ = {
			isa = XCBuildConfiguration;
			buildSettings = {
				ALWAYS_EMBED_SWIFT_STANDARD_LIBRARIES = YES;
				CODE_SIGN_STYLE = Automatic;
				CURRENT_PROJECT_VERSION = 1;
				DEVELOPMENT_TEAM = 87TA56MUWW;
				GENERATE_INFOPLIST_FILE = YES;
				IPHONEOS_DEPLOYMENT_TARGET = 16.2;
				MACOSX_DEPLOYMENT_TARGET = 12.6;
				MARKETING_VERSION = 1.0;
				PRODUCT_BUNDLE_IDENTIFIER = "Personal.-------UITests";
				PRODUCT_NAME = "$(TARGET_NAME)";
				SDKROOT = auto;
				SUPPORTED_PLATFORMS = "iphoneos iphonesimulator macosx";
				SWIFT_EMIT_LOC_STRINGS = NO;
				SWIFT_VERSION = 5.0;
				TARGETED_DEVICE_FAMILY = "1,2";
				TEST_TARGET_NAME = "鹅鸭杀角色助手";
			};
			name = Debug;
		};
		A676A4A12987873900E7C27D /* Release */ = {
			isa = XCBuildConfiguration;
			buildSettings = {
				ALWAYS_EMBED_SWIFT_STANDARD_LIBRARIES = YES;
				CODE_SIGN_STYLE = Automatic;
				CURRENT_PROJECT_VERSION = 1;
				DEVELOPMENT_TEAM = 87TA56MUWW;
				GENERATE_INFOPLIST_FILE = YES;
				IPHONEOS_DEPLOYMENT_TARGET = 16.2;
				MACOSX_DEPLOYMENT_TARGET = 12.6;
				MARKETING_VERSION = 1.0;
				PRODUCT_BUNDLE_IDENTIFIER = "Personal.-------UITests";
				PRODUCT_NAME = "$(TARGET_NAME)";
				SDKROOT = auto;
				SUPPORTED_PLATFORMS = "iphoneos iphonesimulator macosx";
				SWIFT_EMIT_LOC_STRINGS = NO;
				SWIFT_VERSION = 5.0;
				TARGETED_DEVICE_FAMILY = "1,2";
				TEST_TARGET_NAME = "鹅鸭杀角色助手";
			};
			name = Release;
		};
/* End XCBuildConfiguration section */

/* Begin XCConfigurationList section */
		A676A46F2987873800E7C27D /* Build configuration list for PBXProject "鹅鸭杀角色助手" */ = {
			isa = XCConfigurationList;
			buildConfigurations = (
				A676A4972987873900E7C27D /* Debug */,
				A676A4982987873900E7C27D /* Release */,
			);
			defaultConfigurationIsVisible = 0;
			defaultConfigurationName = Release;
		};
		A676A4992987873900E7C27D /* Build configuration list for PBXNativeTarget "鹅鸭杀角色助手" */ = {
			isa = XCConfigurationList;
			buildConfigurations = (
				A676A49A2987873900E7C27D /* Debug */,
				A676A49B2987873900E7C27D /* Release */,
			);
			defaultConfigurationIsVisible = 0;
			defaultConfigurationName = Release;
		};
		A676A49C2987873900E7C27D /* Build configuration list for PBXNativeTarget "鹅鸭杀角色助手Tests" */ = {
			isa = XCConfigurationList;
			buildConfigurations = (
				A676A49D2987873900E7C27D /* Debug */,
				A676A49E2987873900E7C27D /* Release */,
			);
			defaultConfigurationIsVisible = 0;
			defaultConfigurationName = Release;
		};
		A676A49F2987873900E7C27D /* Build configuration list for PBXNativeTarget "鹅鸭杀角色助手UITests" */ = {
			isa = XCConfigurationList;
			buildConfigurations = (
				A676A4A02987873900E7C27D /* Debug */,
				A676A4A12987873900E7C27D /* Release */,
			);
			defaultConfigurationIsVisible = 0;
			defaultConfigurationName = Release;
		};
/* End XCConfigurationList section */
	};
	rootObject = A676A46C2987873800E7C27D /* Project object */;
}
